
Microsoft Visual Studio Solution File, Format Version 12.00
# Visual Studio Version 16
VisualStudioVersion = 16.0.30611.23
MinimumVisualStudioVersion = 10.0.40219.1
Project("{9A19103F-16F7-4668-BE54-9A1E7A4F7556}") = "ConsoleApp", "DZ1\ConsoleApp.csproj", "{1658C768-D779-477B-8391-418D9F800854}"
EndProject
Project("{9A19103F-16F7-4668-BE54-9A1E7A4F7556}") = "Class library", "Class library\Class library.csproj", "{2719126B-FEDB-49D8-A6F4-3067EE98343A}"
EndProject
Global
	GlobalSection(SolutionConfigurationPlatforms) = preSolution
		Debug|Any CPU = Debug|Any CPU
		Release|Any CPU = Release|Any CPU
	EndGlobalSection
	GlobalSection(ProjectConfigurationPlatforms) = postSolution
		{1658C768-D779-477B-8391-418D9F800854}.Debug|Any CPU.ActiveCfg = Debug|Any CPU
		{1658C768-D779-477B-8391-418D9F800854}.Debug|Any CPU.Build.0 = Debug|Any CPU
		{1658C768-D779-477B-8391-418D9F800854}.Release|Any CPU.ActiveCfg = Release|Any CPU
		{1658C768-D779-477B-8391-418D9F800854}.Release|Any CPU.Build.0 = Release|Any CPU
		{2719126B-FEDB-49D8-A6F4-3067EE98343A}.Debug|Any CPU.ActiveCfg = Debug|Any CPU
		{2719126B-FEDB-49D8-A6F4-3067EE98343A}.Debug|Any CPU.Build.0 = Debug|Any CPU
		{2719126B-FEDB-49D8-A6F4-3067EE98343A}.Release|Any CPU.ActiveCfg = Release|Any CPU
		{2719126B-FEDB-49D8-A6F4-3067EE98343A}.Release|Any CPU.Build.0 = Release|Any CPU
	EndGlobalSection
	GlobalSection(SolutionProperties) = preSolution
		HideSolutionNode = FALSE
	EndGlobalSection
	GlobalSection(ExtensibilityGlobals) = postSolution
		SolutionGuid = {7EF7164E-96F2-4007-B5FE-DB09C5346907}
	EndGlobalSection
EndGlobal
